// !$*UTF8*$!
{
	archiveVersion = 1;
	classes = {
	};
	objectVersion = 46;
	objects = {

/* Begin PBXBuildFile section */
		91424D4A19C6422F00A4C342 /* main.m in Sources */ = {isa = PBXBuildFile; fileRef = 91424D4919C6422F00A4C342 /* main.m */; };
		91424D4D19C6422F00A4C342 /* AppDelegate.m in Sources */ = {isa = PBXBuildFile; fileRef = 91424D4C19C6422F00A4C342 /* AppDelegate.m */; };
		91424D5019C6422F00A4C342 /* ViewController.m in Sources */ = {isa = PBXBuildFile; fileRef = 91424D4F19C6422F00A4C342 /* ViewController.m */; };
		91424D5319C6422F00A4C342 /* Main.storyboard in Resources */ = {isa = PBXBuildFile; fileRef = 91424D5119C6422F00A4C342 /* Main.storyboard */; };
		91424D5519C6422F00A4C342 /* Images.xcassets in Resources */ = {isa = PBXBuildFile; fileRef = 91424D5419C6422F00A4C342 /* Images.xcassets */; };
		91424D5819C6422F00A4C342 /* LaunchScreen.xib in Resources */ = {isa = PBXBuildFile; fileRef = 91424D5619C6422F00A4C342 /* LaunchScreen.xib */; };
		91424D6419C6422F00A4C342 /* TargetTests.m in Sources */ = {isa = PBXBuildFile; fileRef = 91424D6319C6422F00A4C342 /* TargetTests.m */; };
/* End PBXBuildFile section */

/* Begin PBXContainerItemProxy section */
		91424D5E19C6422F00A4C342 /* PBXContainerItemProxy */ = {
			isa = PBXContainerItemProxy;
			containerPortal = 91424D3C19C6422F00A4C342 /* Project object */;
			proxyType = 1;
			remoteGlobalIDString = 91424D4319C6422F00A4C342;
			remoteInfo = Target;
		};
/* End PBXContainerItemProxy section */

/* Begin PBXFileReference section */
		91424D4419C6422F00A4C342 /* Target.app */ = {isa = PBXFileReference; explicitFileType = wrapper.application; includeInIndex = 0; path = Target.app; sourceTree = BUILT_PRODUCTS_DIR; };
		91424D4819C6422F00A4C342 /* Info.plist */ = {isa = PBXFileReference; lastKnownFileType = text.plist.xml; path = Info.plist; sourceTree = "<group>"; };
		91424D4919C6422F00A4C342 /* main.m */ = {isa = PBXFileReference; lastKnownFileType = sourcecode.c.objc; path = main.m; sourceTree = "<group>"; };
		91424D4B19C6422F00A4C342 /* AppDelegate.h */ = {isa = PBXFileReference; lastKnownFileType = sourcecode.c.h; path = AppDelegate.h; sourceTree = "<group>"; };
		91424D4C19C6422F00A4C342 /* AppDelegate.m */ = {isa = PBXFileReference; lastKnownFileType = sourcecode.c.objc; path = AppDelegate.m; sourceTree = "<group>"; };
		91424D4E19C6422F00A4C342 /* ViewController.h */ = {isa = PBXFileReference; lastKnownFileType = sourcecode.c.h; path = ViewController.h; sourceTree = "<group>"; };
		91424D4F19C6422F00A4C342 /* ViewController.m */ = {isa = PBXFileReference; lastKnownFileType = sourcecode.c.objc; path = ViewController.m; sourceTree = "<group>"; };
		91424D5219C6422F00A4C342 /* Base */ = {isa = PBXFileReference; lastKnownFileType = file.storyboard; name = Base; path = Base.lproj/Main.storyboard; sourceTree = "<group>"; };
		91424D5419C6422F00A4C342 /* Images.xcassets */ = {isa = PBXFileReference; lastKnownFileType = folder.assetcatalog; path = Images.xcassets; sourceTree = "<group>"; };
		91424D5719C6422F00A4C342 /* Base */ = {isa = PBXFileReference; lastKnownFileType = file.xib; name = Base; path = Base.lproj/LaunchScreen.xib; sourceTree = "<group>"; };
		91424D5D19C6422F00A4C342 /* TargetTests.xctest */ = {isa = PBXFileReference; explicitFileType = wrapper.cfbundle; includeInIndex = 0; path = TargetTests.xctest; sourceTree = BUILT_PRODUCTS_DIR; };
		91424D6219C6422F00A4C342 /* Info.plist */ = {isa = PBXFileReference; lastKnownFileType = text.plist.xml; path = Info.plist; sourceTree = "<group>"; };
		91424D6319C6422F00A4C342 /* TargetTests.m */ = {isa = PBXFileReference; lastKnownFileType = sourcecode.c.objc; path = TargetTests.m; sourceTree = "<group>"; };
/* End PBXFileReference section */

/* Begin PBXFrameworksBuildPhase section */
		91424D4119C6422F00A4C342 /* Frameworks */ = {
			isa = PBXFrameworksBuildPhase;
			buildActionMask = 2147483647;
			files = (
			);
			runOnlyForDeploymentPostprocessing = 0;
		};
		91424D5A19C6422F00A4C342 /* Frameworks */ = {
			isa = PBXFrameworksBuildPhase;
			buildActionMask = 2147483647;
			files = (
			);
			runOnlyForDeploymentPostprocessing = 0;
		};
/* End PBXFrameworksBuildPhase section */

/* Begin PBXGroup section */
		91424D3B19C6422F00A4C342 = {
			isa = PBXGroup;
			children = (
				91424D4619C6422F00A4C342 /* Target */,
				91424D6019C6422F00A4C342 /* TargetTests */,
				91424D4519C6422F00A4C342 /* Products */,
			);
			sourceTree = "<group>";
		};
		91424D4519C6422F00A4C342 /* Products */ = {
			isa = PBXGroup;
			children = (
				91424D4419C6422F00A4C342 /* Target.app */,
				91424D5D19C6422F00A4C342 /* TargetTests.xctest */,
			);
			name = Products;
			sourceTree = "<group>";
		};
		91424D4619C6422F00A4C342 /* Target */ = {
			isa = PBXGroup;
			children = (
				91424D4B19C6422F00A4C342 /* AppDelegate.h */,
				91424D4C19C6422F00A4C342 /* AppDelegate.m */,
				91424D4E19C6422F00A4C342 /* ViewController.h */,
				91424D4F19C6422F00A4C342 /* ViewController.m */,
				91424D5119C6422F00A4C342 /* Main.storyboard */,
				91424D5419C6422F00A4C342 /* Images.xcassets */,
				91424D5619C6422F00A4C342 /* LaunchScreen.xib */,
				91424D4719C6422F00A4C342 /* Supporting Files */,
			);
			path = Target;
			sourceTree = "<group>";
		};
		91424D4719C6422F00A4C342 /* Supporting Files */ = {
			isa = PBXGroup;
			children = (
				91424D4819C6422F00A4C342 /* Info.plist */,
				91424D4919C6422F00A4C342 /* main.m */,
			);
			name = "Supporting Files";
			sourceTree = "<group>";
		};
		91424D6019C6422F00A4C342 /* TargetTests */ = {
			isa = PBXGroup;
			children = (
				91424D6319C6422F00A4C342 /* TargetTests.m */,
				91424D6119C6422F00A4C342 /* Supporting Files */,
			);
			path = TargetTests;
			sourceTree = "<group>";
		};
		91424D6119C6422F00A4C342 /* Supporting Files */ = {
			isa = PBXGroup;
			children = (
				91424D6219C6422F00A4C342 /* Info.plist */,
			);
			name = "Supporting Files";
			sourceTree = "<group>";
		};
/* End PBXGroup section */

/* Begin PBXNativeTarget section */
		91424D4319C6422F00A4C342 /* Target */ = {
			isa = PBXNativeTarget;
			buildConfigurationList = 91424D6719C6422F00A4C342 /* Build configuration list for PBXNativeTarget "Target" */;
			buildPhases = (
				91424D4019C6422F00A4C342 /* Sources */,
				91424D4119C6422F00A4C342 /* Frameworks */,
				91424D4219C6422F00A4C342 /* Resources */,
			);
			buildRules = (
			);
			dependencies = (
			);
			name = Target;
			productName = Target;
			productReference = 91424D4419C6422F00A4C342 /* Target.app */;
			productType = "com.apple.product-type.application";
		};
		91424D5C19C6422F00A4C342 /* TargetTests */ = {
			isa = PBXNativeTarget;
			buildConfigurationList = 91424D6A19C6422F00A4C342 /* Build configuration list for PBXNativeTarget "TargetTests" */;
			buildPhases = (
				91424D5919C6422F00A4C342 /* Sources */,
				91424D5A19C6422F00A4C342 /* Frameworks */,
				91424D5B19C6422F00A4C342 /* Resources */,
			);
			buildRules = (
			);
			dependencies = (
				91424D5F19C6422F00A4C342 /* PBXTargetDependency */,
			);
			name = TargetTests;
			productName = TargetTests;
			productReference = 91424D5D19C6422F00A4C342 /* TargetTests.xctest */;
			productType = "com.apple.product-type.bundle.unit-test";
		};
/* End PBXNativeTarget section */

/* Begin PBXProject section */
		91424D3C19C6422F00A4C342 /* Project object */ = {
			isa = PBXProject;
			attributes = {
				LastUpgradeCheck = 0600;
				ORGANIZATIONNAME = "Jonathan Howell";
				TargetAttributes = {
					91424D4319C6422F00A4C342 = {
						CreatedOnToolsVersion = 6.0;
						DevelopmentTeam = G8Q878PY9S;
					};
					91424D5C19C6422F00A4C342 = {
						CreatedOnToolsVersion = 6.0;
						TestTargetID = 91424D4319C6422F00A4C342;
					};
				};
			};
			buildConfigurationList = 91424D3F19C6422F00A4C342 /* Build configuration list for PBXProject "Target" */;
			compatibilityVersion = "Xcode 3.2";
			developmentRegion = English;
			hasScannedForEncodings = 0;
			knownRegions = (
				en,
				Base,
			);
			mainGroup = 91424D3B19C6422F00A4C342;
			productRefGroup = 91424D4519C6422F00A4C342 /* Products */;
			projectDirPath = "";
			projectRoot = "";
			targets = (
				91424D4319C6422F00A4C342 /* Target */,
				91424D5C19C6422F00A4C342 /* TargetTests */,
			);
		};
/* End PBXProject section */

/* Begin PBXResourcesBuildPhase section */
		91424D4219C6422F00A4C342 /* Resources */ = {
			isa = PBXResourcesBuildPhase;
			buildActionMask = 2147483647;
			files = (
				91424D5319C6422F00A4C342 /* Main.storyboard in Resources */,
				91424D5819C6422F00A4C342 /* LaunchScreen.xib in Resources */,
				91424D5519C6422F00A4C342 /* Images.xcassets in Resources */,
			);
			runOnlyForDeploymentPostprocessing = 0;
		};
		91424D5B19C6422F00A4C342 /* Resources */ = {
			isa = PBXResourcesBuildPhase;
			buildActionMask = 2147483647;
			files = (
			);
			runOnlyForDeploymentPostprocessing = 0;
		};
/* End PBXResourcesBuildPhase section */

/* Begin PBXSourcesBuildPhase section */
		91424D4019C6422F00A4C342 /* Sources */ = {
			isa = PBXSourcesBuildPhase;
			buildActionMask = 2147483647;
			files = (
				91424D5019C6422F00A4C342 /* ViewController.m in Sources */,
				91424D4D19C6422F00A4C342 /* AppDelegate.m in Sources */,
				91424D4A19C6422F00A4C342 /* main.m in Sources */,
			);
			runOnlyForDeploymentPostprocessing = 0;
		};
		91424D5919C6422F00A4C342 /* Sources */ = {
			isa = PBXSourcesBuildPhase;
			buildActionMask = 2147483647;
			files = (
				91424D6419C6422F00A4C342 /* TargetTests.m in Sources */,
			);
			runOnlyForDeploymentPostprocessing = 0;
		};
/* End PBXSourcesBuildPhase section */

/* Begin PBXTargetDependency section */
		91424D5F19C6422F00A4C342 /* PBXTargetDependency */ = {
			isa = PBXTargetDependency;
			target = 91424D4319C6422F00A4C342 /* Target */;
			targetProxy = 91424D5E19C6422F00A4C342 /* PBXContainerItemProxy */;
		};
/* End PBXTargetDependency section */

/* Begin PBXVariantGroup section */
		91424D5119C6422F00A4C342 /* Main.storyboard */ = {
			isa = PBXVariantGroup;
			children = (
				91424D5219C6422F00A4C342 /* Base */,
			);
			name = Main.storyboard;
			sourceTree = "<group>";
		};
		91424D5619C6422F00A4C342 /* LaunchScreen.xib */ = {
			isa = PBXVariantGroup;
			children = (
				91424D5719C6422F00A4C342 /* Base */,
			);
			name = LaunchScreen.xib;
			sourceTree = "<group>";
		};
/* End PBXVariantGroup section */

/* Begin XCBuildConfiguration section */
		91424D6519C6422F00A4C342 /* Debug */ = {
			isa = XCBuildConfiguration;
			buildSettings = {
				ALWAYS_SEARCH_USER_PATHS = NO;
				CLANG_CXX_LANGUAGE_STANDARD = "gnu++0x";
				CLANG_CXX_LIBRARY = "libc++";
				CLANG_ENABLE_MODULES = YES;
				CLANG_ENABLE_OBJC_ARC = YES;
				CLANG_WARN_BOOL_CONVERSION = YES;
				CLANG_WARN_CONSTANT_CONVERSION = YES;
				CLANG_WARN_DIRECT_OBJC_ISA_USAGE = YES_ERROR;
				CLANG_WARN_EMPTY_BODY = YES;
				CLANG_WARN_ENUM_CONVERSION = YES;
				CLANG_WARN_INT_CONVERSION = YES;
				CLANG_WARN_OBJC_ROOT_CLASS = YES_ERROR;
				CLANG_WARN_UNREACHABLE_CODE = YES;
				CLANG_WARN__DUPLICATE_METHOD_MATCH = YES;
				"CODE_SIGN_IDENTITY[sdk=iphoneos*]" = "iPhone Developer";
				COPY_PHASE_STRIP = NO;
				ENABLE_STRICT_OBJC_MSGSEND = YES;
				GCC_C_LANGUAGE_STANDARD = gnu99;
				GCC_DYNAMIC_NO_PIC = NO;
				GCC_OPTIMIZATION_LEVEL = 0;
				GCC_PREPROCESSOR_DEFINITIONS = (
					"DEBUG=1",
					"$(inherited)",
				);
				GCC_SYMBOLS_PRIVATE_EXTERN = NO;
				GCC_WARN_64_TO_32_BIT_CONVERSION = YES;
				GCC_WARN_ABOUT_RETURN_TYPE = YES_ERROR;
				GCC_WARN_UNDECLARED_SELECTOR = YES;
				GCC_WARN_UNINITIALIZED_AUTOS = YES_AGGRESSIVE;
				GCC_WARN_UNUSED_FUNCTION = YES;
				GCC_WARN_UNUSED_VARIABLE = YES;
				IPHONEOS_DEPLOYMENT_TARGET = 8.0;
				MTL_ENABLE_DEBUG_INFO = YES;
				ONLY_ACTIVE_ARCH = YES;
				SDKROOT = iphoneos;
				TARGETED_DEVICE_FAMILY = "1,2";
			};
			name = Debug;
		};
		91424D6619C6422F00A4C342 /* Release */ = {
			isa = XCBuildConfiguration;
			buildSettings = {
				ALWAYS_SEARCH_USER_PATHS = NO;
				CLANG_CXX_LANGUAGE_STANDARD = "gnu++0x";
				CLANG_CXX_LIBRARY = "libc++";
				CLANG_ENABLE_MODULES = YES;
				CLANG_ENABLE_OBJC_ARC = YES;
				CLANG_WARN_BOOL_CONVERSION = YES;
				CLANG_WARN_CONSTANT_CONVERSION = YES;
				CLANG_WARN_DIRECT_OBJC_ISA_USAGE = YES_ERROR;
				CLANG_WARN_EMPTY_BODY = YES;
				CLANG_WARN_ENUM_CONVERSION = YES;
				CLANG_WARN_INT_CONVERSION = YES;
				CLANG_WARN_OBJC_ROOT_CLASS = YES_ERROR;
				CLANG_WARN_UNREACHABLE_CODE = YES;
				CLANG_WARN__DUPLICATE_METHOD_MATCH = YES;
				"CODE_SIGN_IDENTITY[sdk=iphoneos*]" = "iPhone Developer";
				COPY_PHASE_STRIP = YES;
				ENABLE_NS_ASSERTIONS = NO;
				ENABLE_STRICT_OBJC_MSGSEND = YES;
				GCC_C_LANGUAGE_STANDARD = gnu99;
				GCC_WARN_64_TO_32_BIT_CONVERSION = YES;
				GCC_WARN_ABOUT_RETURN_TYPE = YES_ERROR;
				GCC_WARN_UNDECLARED_SELECTOR = YES;
				GCC_WARN_UNINITIALIZED_AUTOS = YES_AGGRESSIVE;
				GCC_WARN_UNUSED_FUNCTION = YES;
				GCC_WARN_UNUSED_VARIABLE = YES;
				IPHONEOS_DEPLOYMENT_TARGET = 8.0;
				MTL_ENABLE_DEBUG_INFO = NO;
				SDKROOT = iphoneos;
				TARGETED_DEVICE_FAMILY = "1,2";
				VALIDATE_PRODUCT = YES;
			};
			name = Release;
		};
		91424D6819C6422F00A4C342 /* Debug */ = {
			isa = XCBuildConfiguration;
			buildSettings = {
				ASSETCATALOG_COMPILER_APPICON_NAME = AppIcon;
				CODE_SIGN_IDENTITY = "iPhone Developer";
				INFOPLIST_FILE = Target/Info.plist;
				LD_RUNPATH_SEARCH_PATHS = "$(inherited) @executable_path/Frameworks";
				PRODUCT_NAME = "$(TARGET_NAME)";
			};
			name = Debug;
		};
		91424D6919C6422F00A4C342 /* Release */ = {
			isa = XCBuildConfiguration;
			buildSettings = {
				ASSETCATALOG_COMPILER_APPICON_NAME = AppIcon;
				CODE_SIGN_IDENTITY = "iPhone Developer";
				INFOPLIST_FILE = Target/Info.plist;
				LD_RUNPATH_SEARCH_PATHS = "$(inherited) @executable_path/Frameworks";
				PRODUCT_NAME = "$(TARGET_NAME)";
			};
			name = Release;
		};
		91424D6B19C6422F00A4C342 /* Debug */ = {
			isa = XCBuildConfiguration;
			buildSettings = {
				BUNDLE_LOADER = "$(TEST_HOST)";
				FRAMEWORK_SEARCH_PATHS = (
					"$(SDKROOT)/Developer/Library/Frameworks",
					"$(inherited)",
				);
				GCC_PREPROCESSOR_DEFINITIONS = (
					"DEBUG=1",
					"$(inherited)",
				);
				INFOPLIST_FILE = TargetTests/Info.plist;
				LD_RUNPATH_SEARCH_PATHS = "$(inherited) @executable_path/Frameworks @loader_path/Frameworks";
				PRODUCT_NAME = "$(TARGET_NAME)";
				TEST_HOST = "$(BUILT_PRODUCTS_DIR)/Target.app/Target";
			};
			name = Debug;
		};
		91424D6C19C6422F00A4C342 /* Release */ = {
			isa = XCBuildConfiguration;
			buildSettings = {
				BUNDLE_LOADER = "$(TEST_HOST)";
				FRAMEWORK_SEARCH_PATHS = (
					"$(SDKROOT)/Developer/Library/Frameworks",
					"$(inherited)",
				);
				INFOPLIST_FILE = TargetTests/Info.plist;
				LD_RUNPATH_SEARCH_PATHS = "$(inherited) @executable_path/Frameworks @loader_path/Frameworks";
				PRODUCT_NAME = "$(TARGET_NAME)";
				TEST_HOST = "$(BUILT_PRODUCTS_DIR)/Target.app/Target";
			};
			name = Release;
		};
/* End XCBuildConfiguration section */

/* Begin XCConfigurationList section */
		91424D3F19C6422F00A4C342 /* Build configuration list for PBXProject "Target" */ = {
			isa = XCConfigurationList;
			buildConfigurations = (
				91424D6519C6422F00A4C342 /* Debug */,
				91424D6619C6422F00A4C342 /* Release */,
			);
			defaultConfigurationIsVisible = 0;
			defaultConfigurationName = Release;
		};
		91424D6719C6422F00A4C342 /* Build configuration list for PBXNativeTarget "Target" */ = {
			isa = XCConfigurationList;
			buildConfigurations = (
				91424D6819C6422F00A4C342 /* Debug */,
				91424D6919C6422F00A4C342 /* Release */,
			);
			defaultConfigurationIsVisible = 0;
		};
		91424D6A19C6422F00A4C342 /* Build configuration list for PBXNativeTarget "TargetTests" */ = {
			isa = XCConfigurationList;
			buildConfigurations = (
				91424D6B19C6422F00A4C342 /* Debug */,
				91424D6C19C6422F00A4C342 /* Release */,
			);
			defaultConfigurationIsVisible = 0;
		};
/* End XCConfigurationList section */
	};
	rootObject = 91424D3C19C6422F00A4C342 /* Project object */;
}
